# This file is automatically @generated by Poetry 2.1.4 and should not be changed by hand.

[[package]]
name = "yt-dlp"
version = "2025.8.22"
description = "A feature-rich command-line audio/video downloader"
optional = false
python-versions = ">=3.9"
groups = ["main"]
files = [
    {file = "yt_dlp-2025.8.22-py3-none-any.whl", hash = "sha256:b8c71fe4516170dea60c6e5c54e2d45654693b8dc273cad060f22199476ec979"},
    {file = "yt_dlp-2025.8.22.tar.gz", hash = "sha256:d1846bbb7edbcd2a0d4a2d76c7a2124868de9ea3b3959a8cb8219e3f7cb5c335"},
]

[package.extras]
build = ["build", "hatchling", "pip", "setuptools (>=71.0.2,<81)", "wheel"]
curl-cffi = ["curl-cffi (>=0.5.10,<0.6.dev0 || >=0.10.dev0,<0.14) ; implementation_name == \"cpython\""]
default = ["brotli ; implementation_name == \"cpython\"", "brotlicffi ; implementation_name != \"cpython\"", "certifi", "mutagen", "pycryptodomex", "requests (>=2.32.2,<3)", "urllib3 (>=2.0.2,<3)", "websockets (>=13.0)"]
dev = ["autopep8 (>=2.0,<3.0)", "pre-commit", "pytest (>=8.1,<9.0)", "pytest-rerunfailures (>=14.0,<15.0)", "ruff (>=0.12.0,<0.13.0)"]
pyinstaller = ["pyinstaller (>=6.13.0)"]
secretstorage = ["cffi", "secretstorage"]
static-analysis = ["autopep8 (>=2.0,<3.0)", "ruff (>=0.12.0,<0.13.0)"]
test = ["pytest (>=8.1,<9.0)", "pytest-rerunfailures (>=14.0,<15.0)"]

[metadata]
lock-version = "2.1"
python-versions = ">=3.10,<3.13"
content-hash = "c0a5b054dd88edb0a4b0d89145b4679cfd6e5d67d7851184987a7a354d4ad37e"
