# This file is automatically @generated by Poetry 2.1.4 and should not be changed by hand.

[[package]]
name = "yt-dlp"
version = "2025.9.23"
description = "A feature-rich command-line audio/video downloader"
optional = false
python-versions = ">=3.9"
groups = ["main"]
files = [
    {file = "yt_dlp-2025.9.23-py3-none-any.whl", hash = "sha256:84e36acf2dfbadb307d734a590dd937923173b13c57cf45a662f40c93e746302"},
    {file = "yt_dlp-2025.9.23.tar.gz", hash = "sha256:9282ad1deadb4c90b2e6d3bcf9f360abf88c5f2e4ba836dad7b51387b086d757"},
]

[package.extras]
build = ["build", "hatchling (>=1.27.0)", "pip", "setuptools (>=71.0.2,<81)", "wheel"]
curl-cffi = ["curl-cffi (>=0.5.10,<0.6.dev0 || >=0.10.dev0,<0.14) ; implementation_name == \"cpython\""]
default = ["brotli ; implementation_name == \"cpython\"", "brotlicffi ; implementation_name != \"cpython\"", "certifi", "mutagen", "pycryptodomex", "requests (>=2.32.2,<3)", "urllib3 (>=2.0.2,<3)", "websockets (>=13.0)"]
dev = ["autopep8 (>=2.0,<3.0)", "pre-commit", "pytest (>=8.1,<9.0)", "pytest-rerunfailures (>=14.0,<15.0)", "ruff (>=0.13.0,<0.14.0)"]
pyinstaller = ["pyinstaller (>=6.13.0)"]
secretstorage = ["cffi", "secretstorage"]
static-analysis = ["autopep8 (>=2.0,<3.0)", "ruff (>=0.13.0,<0.14.0)"]
test = ["pytest (>=8.1,<9.0)", "pytest-rerunfailures (>=14.0,<15.0)"]

[metadata]
lock-version = "2.1"
python-versions = ">=3.10,<3.13"
content-hash = "1257b3315f983f8d95798f2b1a35598d0738597f0a2b2900521e49c0d61b15f6"
